
Microsoft Visual Studio Solution File, Format Version 12.00
# Visual Studio Version 17
VisualStudioVersion = 17.1.32414.318
MinimumVisualStudioVersion = 10.0.40219.1
Project("{8BC9CEB8-8B4A-11D0-8D11-00A0C91BC942}") = "Cuda2D", "Cuda2D\Cuda2D.vcxproj", "{6190CC99-9790-440A-A2D4-71EBF2E4DD9A}"
EndProject
Project("{8BC9CEB8-8B4A-11D0-8D11-00A0C91BC942}") = "CudaTest", "CudaTest\CudaTest.vcxproj", "{9377512D-E3D6-4D06-80E1-98EE0FD6F4A6}"
EndProject
Project("{8BC9CEB8-8B4A-11D0-8D11-00A0C91BC942}") = "CudaPolar2D", "CudaPolar2D\CudaPolar2D.vcxproj", "{99F1C580-85B4-463A-BCC2-8F3710244BAE}"
EndProject
Project("{8BC9CEB8-8B4A-11D0-8D11-00A0C91BC942}") = "PolarPNG", "PolarPNG\PolarPNG.vcxproj", "{DD95D566-3885-46EA-A312-32D9BE9FA235}"
EndProject
Project("{8BC9CEB8-8B4A-11D0-8D11-00A0C91BC942}") = "Polar2DSingle", "Polar2DSingle\Polar2DSingle.vcxproj", "{83C606FB-767A-4A98-BE76-29BFECB6DF0D}"
EndProject
Project("{8BC9CEB8-8B4A-11D0-8D11-00A0C91BC942}") = "TestPNG", "TestPNG\TestPNG.vcxproj", "{FE4EA35B-CEB4-4DD6-80BA-A2B543C4310A}"
EndProject
Project("{8BC9CEB8-8B4A-11D0-8D11-00A0C91BC942}") = "CudaPolar2DRect", "CudaPolar2DRect\CudaPolar2DRect.vcxproj", "{67ACBB5B-9528-4E60-8769-E26F48570AC8}"
EndProject
Project("{8BC9CEB8-8B4A-11D0-8D11-00A0C91BC942}") = "Polar2D", "Polar2D\Polar2D.vcxitems", "{B5494006-F001-4946-87BD-DA7FA5F2DAB7}"
EndProject
Project("{8BC9CEB8-8B4A-11D0-8D11-00A0C91BC942}") = "Constants", "Constants\Constants.vcxitems", "{7B8A69DC-631C-4971-9847-1BCCAC060223}"
EndProject
Project("{8BC9CEB8-8B4A-11D0-8D11-00A0C91BC942}") = "Polar2DCpp20", "Polar2DCpp11\Polar2DCpp11.vcxproj", "{E05C2D78-4BDF-4C84-A3DD-E4CC81434314}"
EndProject
Project("{8BC9CEB8-8B4A-11D0-8D11-00A0C91BC942}") = "Cube", "Cube\Cube.vcxitems", "{EDE2FB91-DB10-4523-A0FA-2854A389AFFE}"
EndProject
Project("{8BC9CEB8-8B4A-11D0-8D11-00A0C91BC942}") = "CubeSingle", "CubeSingle\CubeSingle.vcxproj", "{A8D40292-78E9-463E-9613-6D53EF619549}"
EndProject
Project("{8BC9CEB8-8B4A-11D0-8D11-00A0C91BC942}") = "RectPNG", "RectPNG\RectPNG.vcxproj", "{90FF9F9A-2C32-4AF0-92F3-1A53F7886E30}"
EndProject
Project("{2150E333-8FDC-42A3-9474-1A3956D46DE8}") = "Cuda", "Cuda", "{CB801CF3-940D-4DA9-AF82-DF88B3B464F6}"
EndProject
Project("{2150E333-8FDC-42A3-9474-1A3956D46DE8}") = "Polar", "Polar", "{6014BC49-7E7A-4ED2-99A8-B1671ABDFD34}"
EndProject
Project("{2150E333-8FDC-42A3-9474-1A3956D46DE8}") = "Cube", "Cube", "{4B81B2EB-A504-4324-961F-F59049B97A5A}"
EndProject
Project("{8BC9CEB8-8B4A-11D0-8D11-00A0C91BC942}") = "CubeCpp20", "CubeCpp20\CubeCpp20.vcxproj", "{D29D6648-92D2-4555-8A9E-9F152EEBA610}"
EndProject
Global
	GlobalSection(SharedMSBuildProjectFiles) = preSolution
		Constants\Constants.vcxitems*{7b8a69dc-631c-4971-9847-1bccac060223}*SharedItemsImports = 9
		Constants\Constants.vcxitems*{83c606fb-767a-4a98-be76-29bfecb6df0d}*SharedItemsImports = 4
		Polar2D\Polar2D.vcxitems*{83c606fb-767a-4a98-be76-29bfecb6df0d}*SharedItemsImports = 4
		Constants\Constants.vcxitems*{a8d40292-78e9-463e-9613-6d53ef619549}*SharedItemsImports = 4
		Cube\Cube.vcxitems*{a8d40292-78e9-463e-9613-6d53ef619549}*SharedItemsImports = 4
		Polar2D\Polar2D.vcxitems*{b5494006-f001-4946-87bd-da7fa5f2dab7}*SharedItemsImports = 9
		Constants\Constants.vcxitems*{d29d6648-92d2-4555-8a9e-9f152eeba610}*SharedItemsImports = 4
		Cube\Cube.vcxitems*{d29d6648-92d2-4555-8a9e-9f152eeba610}*SharedItemsImports = 4
		Constants\Constants.vcxitems*{e05c2d78-4bdf-4c84-a3dd-e4cc81434314}*SharedItemsImports = 4
		Polar2D\Polar2D.vcxitems*{e05c2d78-4bdf-4c84-a3dd-e4cc81434314}*SharedItemsImports = 4
		Cube\Cube.vcxitems*{ede2fb91-db10-4523-a0fa-2854a389affe}*SharedItemsImports = 9
	EndGlobalSection
	GlobalSection(SolutionConfigurationPlatforms) = preSolution
		Debug|x64 = Debug|x64
		Debug|x86 = Debug|x86
		Release|x64 = Release|x64
		Release|x86 = Release|x86
	EndGlobalSection
	GlobalSection(ProjectConfigurationPlatforms) = postSolution
		{6190CC99-9790-440A-A2D4-71EBF2E4DD9A}.Debug|x64.ActiveCfg = Debug|x64
		{6190CC99-9790-440A-A2D4-71EBF2E4DD9A}.Debug|x64.Build.0 = Debug|x64
		{6190CC99-9790-440A-A2D4-71EBF2E4DD9A}.Debug|x86.ActiveCfg = Debug|x64
		{6190CC99-9790-440A-A2D4-71EBF2E4DD9A}.Release|x64.ActiveCfg = Release|x64
		{6190CC99-9790-440A-A2D4-71EBF2E4DD9A}.Release|x64.Build.0 = Release|x64
		{6190CC99-9790-440A-A2D4-71EBF2E4DD9A}.Release|x86.ActiveCfg = Release|x64
		{9377512D-E3D6-4D06-80E1-98EE0FD6F4A6}.Debug|x64.ActiveCfg = Debug|x64
		{9377512D-E3D6-4D06-80E1-98EE0FD6F4A6}.Debug|x64.Build.0 = Debug|x64
		{9377512D-E3D6-4D06-80E1-98EE0FD6F4A6}.Debug|x86.ActiveCfg = Debug|x64
		{9377512D-E3D6-4D06-80E1-98EE0FD6F4A6}.Release|x64.ActiveCfg = Release|x64
		{9377512D-E3D6-4D06-80E1-98EE0FD6F4A6}.Release|x64.Build.0 = Release|x64
		{9377512D-E3D6-4D06-80E1-98EE0FD6F4A6}.Release|x86.ActiveCfg = Release|x64
		{99F1C580-85B4-463A-BCC2-8F3710244BAE}.Debug|x64.ActiveCfg = Debug|x64
		{99F1C580-85B4-463A-BCC2-8F3710244BAE}.Debug|x64.Build.0 = Debug|x64
		{99F1C580-85B4-463A-BCC2-8F3710244BAE}.Debug|x86.ActiveCfg = Debug|x64
		{99F1C580-85B4-463A-BCC2-8F3710244BAE}.Release|x64.ActiveCfg = Release|x64
		{99F1C580-85B4-463A-BCC2-8F3710244BAE}.Release|x64.Build.0 = Release|x64
		{99F1C580-85B4-463A-BCC2-8F3710244BAE}.Release|x86.ActiveCfg = Release|x64
		{DD95D566-3885-46EA-A312-32D9BE9FA235}.Debug|x64.ActiveCfg = Debug|x64
		{DD95D566-3885-46EA-A312-32D9BE9FA235}.Debug|x64.Build.0 = Debug|x64
		{DD95D566-3885-46EA-A312-32D9BE9FA235}.Debug|x86.ActiveCfg = Debug|Win32
		{DD95D566-3885-46EA-A312-32D9BE9FA235}.Debug|x86.Build.0 = Debug|Win32
		{DD95D566-3885-46EA-A312-32D9BE9FA235}.Release|x64.ActiveCfg = Release|x64
		{DD95D566-3885-46EA-A312-32D9BE9FA235}.Release|x64.Build.0 = Release|x64
		{DD95D566-3885-46EA-A312-32D9BE9FA235}.Release|x86.ActiveCfg = Release|Win32
		{DD95D566-3885-46EA-A312-32D9BE9FA235}.Release|x86.Build.0 = Release|Win32
		{83C606FB-767A-4A98-BE76-29BFECB6DF0D}.Debug|x64.ActiveCfg = Debug|x64
		{83C606FB-767A-4A98-BE76-29BFECB6DF0D}.Debug|x64.Build.0 = Debug|x64
		{83C606FB-767A-4A98-BE76-29BFECB6DF0D}.Debug|x86.ActiveCfg = Debug|Win32
		{83C606FB-767A-4A98-BE76-29BFECB6DF0D}.Debug|x86.Build.0 = Debug|Win32
		{83C606FB-767A-4A98-BE76-29BFECB6DF0D}.Release|x64.ActiveCfg = Release|x64
		{83C606FB-767A-4A98-BE76-29BFECB6DF0D}.Release|x64.Build.0 = Release|x64
		{83C606FB-767A-4A98-BE76-29BFECB6DF0D}.Release|x86.ActiveCfg = Release|Win32
		{83C606FB-767A-4A98-BE76-29BFECB6DF0D}.Release|x86.Build.0 = Release|Win32
		{FE4EA35B-CEB4-4DD6-80BA-A2B543C4310A}.Debug|x64.ActiveCfg = Debug|x64
		{FE4EA35B-CEB4-4DD6-80BA-A2B543C4310A}.Debug|x64.Build.0 = Debug|x64
		{FE4EA35B-CEB4-4DD6-80BA-A2B543C4310A}.Debug|x86.ActiveCfg = Debug|Win32
		{FE4EA35B-CEB4-4DD6-80BA-A2B543C4310A}.Debug|x86.Build.0 = Debug|Win32
		{FE4EA35B-CEB4-4DD6-80BA-A2B543C4310A}.Release|x64.ActiveCfg = Release|x64
		{FE4EA35B-CEB4-4DD6-80BA-A2B543C4310A}.Release|x64.Build.0 = Release|x64
		{FE4EA35B-CEB4-4DD6-80BA-A2B543C4310A}.Release|x86.ActiveCfg = Release|Win32
		{FE4EA35B-CEB4-4DD6-80BA-A2B543C4310A}.Release|x86.Build.0 = Release|Win32
		{67ACBB5B-9528-4E60-8769-E26F48570AC8}.Debug|x64.ActiveCfg = Debug|x64
		{67ACBB5B-9528-4E60-8769-E26F48570AC8}.Debug|x64.Build.0 = Debug|x64
		{67ACBB5B-9528-4E60-8769-E26F48570AC8}.Debug|x86.ActiveCfg = Debug|x64
		{67ACBB5B-9528-4E60-8769-E26F48570AC8}.Release|x64.ActiveCfg = Release|x64
		{67ACBB5B-9528-4E60-8769-E26F48570AC8}.Release|x64.Build.0 = Release|x64
		{67ACBB5B-9528-4E60-8769-E26F48570AC8}.Release|x86.ActiveCfg = Release|x64
		{E05C2D78-4BDF-4C84-A3DD-E4CC81434314}.Debug|x64.ActiveCfg = Debug|x64
		{E05C2D78-4BDF-4C84-A3DD-E4CC81434314}.Debug|x64.Build.0 = Debug|x64
		{E05C2D78-4BDF-4C84-A3DD-E4CC81434314}.Debug|x86.ActiveCfg = Debug|Win32
		{E05C2D78-4BDF-4C84-A3DD-E4CC81434314}.Debug|x86.Build.0 = Debug|Win32
		{E05C2D78-4BDF-4C84-A3DD-E4CC81434314}.Release|x64.ActiveCfg = Release|x64
		{E05C2D78-4BDF-4C84-A3DD-E4CC81434314}.Release|x64.Build.0 = Release|x64
		{E05C2D78-4BDF-4C84-A3DD-E4CC81434314}.Release|x86.ActiveCfg = Release|Win32
		{E05C2D78-4BDF-4C84-A3DD-E4CC81434314}.Release|x86.Build.0 = Release|Win32
		{A8D40292-78E9-463E-9613-6D53EF619549}.Debug|x64.ActiveCfg = Debug|x64
		{A8D40292-78E9-463E-9613-6D53EF619549}.Debug|x64.Build.0 = Debug|x64
		{A8D40292-78E9-463E-9613-6D53EF619549}.Debug|x86.ActiveCfg = Debug|Win32
		{A8D40292-78E9-463E-9613-6D53EF619549}.Debug|x86.Build.0 = Debug|Win32
		{A8D40292-78E9-463E-9613-6D53EF619549}.Release|x64.ActiveCfg = Release|x64
		{A8D40292-78E9-463E-9613-6D53EF619549}.Release|x64.Build.0 = Release|x64
		{A8D40292-78E9-463E-9613-6D53EF619549}.Release|x86.ActiveCfg = Release|Win32
		{A8D40292-78E9-463E-9613-6D53EF619549}.Release|x86.Build.0 = Release|Win32
		{90FF9F9A-2C32-4AF0-92F3-1A53F7886E30}.Debug|x64.ActiveCfg = Debug|x64
		{90FF9F9A-2C32-4AF0-92F3-1A53F7886E30}.Debug|x64.Build.0 = Debug|x64
		{90FF9F9A-2C32-4AF0-92F3-1A53F7886E30}.Debug|x86.ActiveCfg = Debug|Win32
		{90FF9F9A-2C32-4AF0-92F3-1A53F7886E30}.Debug|x86.Build.0 = Debug|Win32
		{90FF9F9A-2C32-4AF0-92F3-1A53F7886E30}.Release|x64.ActiveCfg = Release|x64
		{90FF9F9A-2C32-4AF0-92F3-1A53F7886E30}.Release|x64.Build.0 = Release|x64
		{90FF9F9A-2C32-4AF0-92F3-1A53F7886E30}.Release|x86.ActiveCfg = Release|Win32
		{90FF9F9A-2C32-4AF0-92F3-1A53F7886E30}.Release|x86.Build.0 = Release|Win32
		{D29D6648-92D2-4555-8A9E-9F152EEBA610}.Debug|x64.ActiveCfg = Debug|x64
		{D29D6648-92D2-4555-8A9E-9F152EEBA610}.Debug|x64.Build.0 = Debug|x64
		{D29D6648-92D2-4555-8A9E-9F152EEBA610}.Debug|x86.ActiveCfg = Debug|Win32
		{D29D6648-92D2-4555-8A9E-9F152EEBA610}.Debug|x86.Build.0 = Debug|Win32
		{D29D6648-92D2-4555-8A9E-9F152EEBA610}.Release|x64.ActiveCfg = Release|x64
		{D29D6648-92D2-4555-8A9E-9F152EEBA610}.Release|x64.Build.0 = Release|x64
		{D29D6648-92D2-4555-8A9E-9F152EEBA610}.Release|x86.ActiveCfg = Release|Win32
		{D29D6648-92D2-4555-8A9E-9F152EEBA610}.Release|x86.Build.0 = Release|Win32
	EndGlobalSection
	GlobalSection(SolutionProperties) = preSolution
		HideSolutionNode = FALSE
	EndGlobalSection
	GlobalSection(NestedProjects) = preSolution
		{6190CC99-9790-440A-A2D4-71EBF2E4DD9A} = {CB801CF3-940D-4DA9-AF82-DF88B3B464F6}
		{9377512D-E3D6-4D06-80E1-98EE0FD6F4A6} = {CB801CF3-940D-4DA9-AF82-DF88B3B464F6}
		{99F1C580-85B4-463A-BCC2-8F3710244BAE} = {CB801CF3-940D-4DA9-AF82-DF88B3B464F6}
		{DD95D566-3885-46EA-A312-32D9BE9FA235} = {6014BC49-7E7A-4ED2-99A8-B1671ABDFD34}
		{83C606FB-767A-4A98-BE76-29BFECB6DF0D} = {6014BC49-7E7A-4ED2-99A8-B1671ABDFD34}
		{67ACBB5B-9528-4E60-8769-E26F48570AC8} = {CB801CF3-940D-4DA9-AF82-DF88B3B464F6}
		{B5494006-F001-4946-87BD-DA7FA5F2DAB7} = {6014BC49-7E7A-4ED2-99A8-B1671ABDFD34}
		{E05C2D78-4BDF-4C84-A3DD-E4CC81434314} = {6014BC49-7E7A-4ED2-99A8-B1671ABDFD34}
		{EDE2FB91-DB10-4523-A0FA-2854A389AFFE} = {4B81B2EB-A504-4324-961F-F59049B97A5A}
		{A8D40292-78E9-463E-9613-6D53EF619549} = {4B81B2EB-A504-4324-961F-F59049B97A5A}
		{90FF9F9A-2C32-4AF0-92F3-1A53F7886E30} = {4B81B2EB-A504-4324-961F-F59049B97A5A}
		{D29D6648-92D2-4555-8A9E-9F152EEBA610} = {4B81B2EB-A504-4324-961F-F59049B97A5A}
	EndGlobalSection
	GlobalSection(ExtensibilityGlobals) = postSolution
		SolutionGuid = {C6E20160-C632-4237-89BB-CBCE66CFA889}
	EndGlobalSection
EndGlobal
