
Microsoft Visual Studio Solution File, Format Version 12.00
# Visual Studio Version 17
VisualStudioVersion = 17.1.32414.318
MinimumVisualStudioVersion = 10.0.40219.1
Project("{8BC9CEB8-8B4A-11D0-8D11-00A0C91BC942}") = "PolarPNG", "PolarPNG\PolarPNG.vcxproj", "{DD95D566-3885-46EA-A312-32D9BE9FA235}"
EndProject
Project("{8BC9CEB8-8B4A-11D0-8D11-00A0C91BC942}") = "Polar2DSingle", "Polar2DSingle\Polar2DSingle.vcxproj", "{83C606FB-767A-4A98-BE76-29BFECB6DF0D}"
EndProject
Project("{8BC9CEB8-8B4A-11D0-8D11-00A0C91BC942}") = "TestPNG", "TestPNG\TestPNG.vcxproj", "{FE4EA35B-CEB4-4DD6-80BA-A2B543C4310A}"
EndProject
Project("{8BC9CEB8-8B4A-11D0-8D11-00A0C91BC942}") = "Polar2DShared", "Polar2DShared\Polar2D.vcxitems", "{B5494006-F001-4946-87BD-DA7FA5F2DAB7}"
EndProject
Project("{8BC9CEB8-8B4A-11D0-8D11-00A0C91BC942}") = "Constants", "Constants\Constants.vcxitems", "{7B8A69DC-631C-4971-9847-1BCCAC060223}"
EndProject
Project("{8BC9CEB8-8B4A-11D0-8D11-00A0C91BC942}") = "Polar2DCpp20", "Polar2DCpp11\Polar2DCpp11.vcxproj", "{E05C2D78-4BDF-4C84-A3DD-E4CC81434314}"
EndProject
Project("{8BC9CEB8-8B4A-11D0-8D11-00A0C91BC942}") = "Cube", "Cube\Cube.vcxitems", "{EDE2FB91-DB10-4523-A0FA-2854A389AFFE}"
EndProject
Project("{8BC9CEB8-8B4A-11D0-8D11-00A0C91BC942}") = "CubeSingle", "CubeSingle\CubeSingle.vcxproj", "{A8D40292-78E9-463E-9613-6D53EF619549}"
EndProject
Project("{8BC9CEB8-8B4A-11D0-8D11-00A0C91BC942}") = "RectPNG", "RectPNG\RectPNG.vcxproj", "{90FF9F9A-2C32-4AF0-92F3-1A53F7886E30}"
EndProject
Project("{2150E333-8FDC-42A3-9474-1A3956D46DE8}") = "Polar", "Polar", "{6014BC49-7E7A-4ED2-99A8-B1671ABDFD34}"
EndProject
Project("{2150E333-8FDC-42A3-9474-1A3956D46DE8}") = "Cube", "Cube", "{4B81B2EB-A504-4324-961F-F59049B97A5A}"
EndProject
Project("{8BC9CEB8-8B4A-11D0-8D11-00A0C91BC942}") = "CubeCpp20", "CubeCpp20\CubeCpp20.vcxproj", "{D29D6648-92D2-4555-8A9E-9F152EEBA610}"
EndProject
Project("{8BC9CEB8-8B4A-11D0-8D11-00A0C91BC942}") = "CubeCuda", "CubeCuda\CubeCuda.vcxproj", "{EF817BE0-1C5F-47B5-8CDE-90F433EAF40D}"
EndProject
Project("{8BC9CEB8-8B4A-11D0-8D11-00A0C91BC942}") = "Polar2DCuda", "Polar2DCuda\Polar2DCuda.vcxproj", "{EB77A916-2BFE-4E42-8751-ADDD634B3526}"
EndProject
Project("{2150E333-8FDC-42A3-9474-1A3956D46DE8}") = "Cylinder", "Cylinder", "{69600469-279F-4FBD-BB1F-A3A620A012AA}"
EndProject
Project("{8BC9CEB8-8B4A-11D0-8D11-00A0C91BC942}") = "CylinderShared", "CylinderShared\CylinderShared.vcxitems", "{F2CF9883-BA30-4CD9-A6F3-0E570A605543}"
EndProject
Project("{8BC9CEB8-8B4A-11D0-8D11-00A0C91BC942}") = "CylinderCuda", "CylinderCuda\CylinderCuda.vcxproj", "{C7922CB0-55C6-41E2-B620-A8D862E7C205}"
EndProject
Project("{8BC9CEB8-8B4A-11D0-8D11-00A0C91BC942}") = "CylinderSingle", "CylinderSingle\CylinderSingle.vcxproj", "{21365BBE-0C1C-4D3E-8D0C-47A7B5E37791}"
EndProject
Project("{8BC9CEB8-8B4A-11D0-8D11-00A0C91BC942}") = "CylinderCpp20", "CylinderCpp20\CylinderCpp20.vcxproj", "{AC7EE0D7-C50C-4D07-8458-6E7F12A04147}"
EndProject
Project("{8BC9CEB8-8B4A-11D0-8D11-00A0C91BC942}") = "PolarPNGApp", "PolarPNGApp\PolarPNGApp.vcxproj", "{D497C171-53D6-43C3-B40F-9436F27FEB74}"
EndProject
Project("{8BC9CEB8-8B4A-11D0-8D11-00A0C91BC942}") = "PolarPNG2DApp", "PolarPNG2DApp\PolarPNG2DApp.vcxproj", "{AF4D6038-E38D-481E-B075-DAFD95DECB89}"
EndProject
Global
	GlobalSection(SharedMSBuildProjectFiles) = preSolution
		Constants\Constants.vcxitems*{21365bbe-0c1c-4d3e-8d0c-47a7b5e37791}*SharedItemsImports = 4
		CylinderShared\CylinderShared.vcxitems*{21365bbe-0c1c-4d3e-8d0c-47a7b5e37791}*SharedItemsImports = 4
		Constants\Constants.vcxitems*{7b8a69dc-631c-4971-9847-1bccac060223}*SharedItemsImports = 9
		Constants\Constants.vcxitems*{83c606fb-767a-4a98-be76-29bfecb6df0d}*SharedItemsImports = 4
		Polar2DShared\Polar2D.vcxitems*{83c606fb-767a-4a98-be76-29bfecb6df0d}*SharedItemsImports = 4
		Constants\Constants.vcxitems*{a8d40292-78e9-463e-9613-6d53ef619549}*SharedItemsImports = 4
		Cube\Cube.vcxitems*{a8d40292-78e9-463e-9613-6d53ef619549}*SharedItemsImports = 4
		Constants\Constants.vcxitems*{ac7ee0d7-c50c-4d07-8458-6e7f12a04147}*SharedItemsImports = 4
		CylinderShared\CylinderShared.vcxitems*{ac7ee0d7-c50c-4d07-8458-6e7f12a04147}*SharedItemsImports = 4
		Polar2DShared\Polar2D.vcxitems*{b5494006-f001-4946-87bd-da7fa5f2dab7}*SharedItemsImports = 9
		Constants\Constants.vcxitems*{c7922cb0-55c6-41e2-b620-a8d862e7c205}*SharedItemsImports = 4
		Constants\Constants.vcxitems*{d29d6648-92d2-4555-8a9e-9f152eeba610}*SharedItemsImports = 4
		Cube\Cube.vcxitems*{d29d6648-92d2-4555-8a9e-9f152eeba610}*SharedItemsImports = 4
		Constants\Constants.vcxitems*{e05c2d78-4bdf-4c84-a3dd-e4cc81434314}*SharedItemsImports = 4
		Polar2DShared\Polar2D.vcxitems*{e05c2d78-4bdf-4c84-a3dd-e4cc81434314}*SharedItemsImports = 4
		Constants\Constants.vcxitems*{eb77a916-2bfe-4e42-8751-addd634b3526}*SharedItemsImports = 4
		Cube\Cube.vcxitems*{ede2fb91-db10-4523-a0fa-2854a389affe}*SharedItemsImports = 9
		Constants\Constants.vcxitems*{ef817be0-1c5f-47b5-8cde-90f433eaf40d}*SharedItemsImports = 4
		CylinderShared\CylinderShared.vcxitems*{f2cf9883-ba30-4cd9-a6f3-0e570a605543}*SharedItemsImports = 9
	EndGlobalSection
	GlobalSection(SolutionConfigurationPlatforms) = preSolution
		Debug|x64 = Debug|x64
		Debug|x86 = Debug|x86
		Release|x64 = Release|x64
		Release|x86 = Release|x86
	EndGlobalSection
	GlobalSection(ProjectConfigurationPlatforms) = postSolution
		{DD95D566-3885-46EA-A312-32D9BE9FA235}.Debug|x64.ActiveCfg = Debug|x64
		{DD95D566-3885-46EA-A312-32D9BE9FA235}.Debug|x64.Build.0 = Debug|x64
		{DD95D566-3885-46EA-A312-32D9BE9FA235}.Debug|x86.ActiveCfg = Debug|Win32
		{DD95D566-3885-46EA-A312-32D9BE9FA235}.Debug|x86.Build.0 = Debug|Win32
		{DD95D566-3885-46EA-A312-32D9BE9FA235}.Release|x64.ActiveCfg = Release|x64
		{DD95D566-3885-46EA-A312-32D9BE9FA235}.Release|x64.Build.0 = Release|x64
		{DD95D566-3885-46EA-A312-32D9BE9FA235}.Release|x86.ActiveCfg = Release|Win32
		{DD95D566-3885-46EA-A312-32D9BE9FA235}.Release|x86.Build.0 = Release|Win32
		{83C606FB-767A-4A98-BE76-29BFECB6DF0D}.Debug|x64.ActiveCfg = Debug|x64
		{83C606FB-767A-4A98-BE76-29BFECB6DF0D}.Debug|x64.Build.0 = Debug|x64
		{83C606FB-767A-4A98-BE76-29BFECB6DF0D}.Debug|x86.ActiveCfg = Debug|Win32
		{83C606FB-767A-4A98-BE76-29BFECB6DF0D}.Debug|x86.Build.0 = Debug|Win32
		{83C606FB-767A-4A98-BE76-29BFECB6DF0D}.Release|x64.ActiveCfg = Release|x64
		{83C606FB-767A-4A98-BE76-29BFECB6DF0D}.Release|x64.Build.0 = Release|x64
		{83C606FB-767A-4A98-BE76-29BFECB6DF0D}.Release|x86.ActiveCfg = Release|Win32
		{83C606FB-767A-4A98-BE76-29BFECB6DF0D}.Release|x86.Build.0 = Release|Win32
		{FE4EA35B-CEB4-4DD6-80BA-A2B543C4310A}.Debug|x64.ActiveCfg = Debug|x64
		{FE4EA35B-CEB4-4DD6-80BA-A2B543C4310A}.Debug|x64.Build.0 = Debug|x64
		{FE4EA35B-CEB4-4DD6-80BA-A2B543C4310A}.Debug|x86.ActiveCfg = Debug|Win32
		{FE4EA35B-CEB4-4DD6-80BA-A2B543C4310A}.Debug|x86.Build.0 = Debug|Win32
		{FE4EA35B-CEB4-4DD6-80BA-A2B543C4310A}.Release|x64.ActiveCfg = Release|x64
		{FE4EA35B-CEB4-4DD6-80BA-A2B543C4310A}.Release|x64.Build.0 = Release|x64
		{FE4EA35B-CEB4-4DD6-80BA-A2B543C4310A}.Release|x86.ActiveCfg = Release|Win32
		{FE4EA35B-CEB4-4DD6-80BA-A2B543C4310A}.Release|x86.Build.0 = Release|Win32
		{E05C2D78-4BDF-4C84-A3DD-E4CC81434314}.Debug|x64.ActiveCfg = Debug|x64
		{E05C2D78-4BDF-4C84-A3DD-E4CC81434314}.Debug|x64.Build.0 = Debug|x64
		{E05C2D78-4BDF-4C84-A3DD-E4CC81434314}.Debug|x86.ActiveCfg = Debug|Win32
		{E05C2D78-4BDF-4C84-A3DD-E4CC81434314}.Debug|x86.Build.0 = Debug|Win32
		{E05C2D78-4BDF-4C84-A3DD-E4CC81434314}.Release|x64.ActiveCfg = Release|x64
		{E05C2D78-4BDF-4C84-A3DD-E4CC81434314}.Release|x64.Build.0 = Release|x64
		{E05C2D78-4BDF-4C84-A3DD-E4CC81434314}.Release|x86.ActiveCfg = Release|Win32
		{E05C2D78-4BDF-4C84-A3DD-E4CC81434314}.Release|x86.Build.0 = Release|Win32
		{A8D40292-78E9-463E-9613-6D53EF619549}.Debug|x64.ActiveCfg = Debug|x64
		{A8D40292-78E9-463E-9613-6D53EF619549}.Debug|x64.Build.0 = Debug|x64
		{A8D40292-78E9-463E-9613-6D53EF619549}.Debug|x86.ActiveCfg = Debug|Win32
		{A8D40292-78E9-463E-9613-6D53EF619549}.Debug|x86.Build.0 = Debug|Win32
		{A8D40292-78E9-463E-9613-6D53EF619549}.Release|x64.ActiveCfg = Release|x64
		{A8D40292-78E9-463E-9613-6D53EF619549}.Release|x86.ActiveCfg = Release|Win32
		{A8D40292-78E9-463E-9613-6D53EF619549}.Release|x86.Build.0 = Release|Win32
		{90FF9F9A-2C32-4AF0-92F3-1A53F7886E30}.Debug|x64.ActiveCfg = Debug|x64
		{90FF9F9A-2C32-4AF0-92F3-1A53F7886E30}.Debug|x64.Build.0 = Debug|x64
		{90FF9F9A-2C32-4AF0-92F3-1A53F7886E30}.Debug|x86.ActiveCfg = Debug|Win32
		{90FF9F9A-2C32-4AF0-92F3-1A53F7886E30}.Debug|x86.Build.0 = Debug|Win32
		{90FF9F9A-2C32-4AF0-92F3-1A53F7886E30}.Release|x64.ActiveCfg = Release|x64
		{90FF9F9A-2C32-4AF0-92F3-1A53F7886E30}.Release|x64.Build.0 = Release|x64
		{90FF9F9A-2C32-4AF0-92F3-1A53F7886E30}.Release|x86.ActiveCfg = Release|Win32
		{90FF9F9A-2C32-4AF0-92F3-1A53F7886E30}.Release|x86.Build.0 = Release|Win32
		{D29D6648-92D2-4555-8A9E-9F152EEBA610}.Debug|x64.ActiveCfg = Debug|x64
		{D29D6648-92D2-4555-8A9E-9F152EEBA610}.Debug|x64.Build.0 = Debug|x64
		{D29D6648-92D2-4555-8A9E-9F152EEBA610}.Debug|x86.ActiveCfg = Debug|Win32
		{D29D6648-92D2-4555-8A9E-9F152EEBA610}.Debug|x86.Build.0 = Debug|Win32
		{D29D6648-92D2-4555-8A9E-9F152EEBA610}.Release|x64.ActiveCfg = Release|x64
		{D29D6648-92D2-4555-8A9E-9F152EEBA610}.Release|x86.ActiveCfg = Release|Win32
		{D29D6648-92D2-4555-8A9E-9F152EEBA610}.Release|x86.Build.0 = Release|Win32
		{EF817BE0-1C5F-47B5-8CDE-90F433EAF40D}.Debug|x64.ActiveCfg = Debug|x64
		{EF817BE0-1C5F-47B5-8CDE-90F433EAF40D}.Debug|x64.Build.0 = Debug|x64
		{EF817BE0-1C5F-47B5-8CDE-90F433EAF40D}.Debug|x86.ActiveCfg = Debug|x64
		{EF817BE0-1C5F-47B5-8CDE-90F433EAF40D}.Debug|x86.Build.0 = Debug|x64
		{EF817BE0-1C5F-47B5-8CDE-90F433EAF40D}.Release|x64.ActiveCfg = Release|x64
		{EF817BE0-1C5F-47B5-8CDE-90F433EAF40D}.Release|x86.ActiveCfg = Release|x64
		{EF817BE0-1C5F-47B5-8CDE-90F433EAF40D}.Release|x86.Build.0 = Release|x64
		{EB77A916-2BFE-4E42-8751-ADDD634B3526}.Debug|x64.ActiveCfg = Debug|x64
		{EB77A916-2BFE-4E42-8751-ADDD634B3526}.Debug|x64.Build.0 = Debug|x64
		{EB77A916-2BFE-4E42-8751-ADDD634B3526}.Debug|x86.ActiveCfg = Debug|x64
		{EB77A916-2BFE-4E42-8751-ADDD634B3526}.Debug|x86.Build.0 = Debug|x64
		{EB77A916-2BFE-4E42-8751-ADDD634B3526}.Release|x64.ActiveCfg = Release|x64
		{EB77A916-2BFE-4E42-8751-ADDD634B3526}.Release|x64.Build.0 = Release|x64
		{EB77A916-2BFE-4E42-8751-ADDD634B3526}.Release|x86.ActiveCfg = Release|x64
		{EB77A916-2BFE-4E42-8751-ADDD634B3526}.Release|x86.Build.0 = Release|x64
		{C7922CB0-55C6-41E2-B620-A8D862E7C205}.Debug|x64.ActiveCfg = Debug|x64
		{C7922CB0-55C6-41E2-B620-A8D862E7C205}.Debug|x64.Build.0 = Debug|x64
		{C7922CB0-55C6-41E2-B620-A8D862E7C205}.Debug|x86.ActiveCfg = Debug|x64
		{C7922CB0-55C6-41E2-B620-A8D862E7C205}.Debug|x86.Build.0 = Debug|x64
		{C7922CB0-55C6-41E2-B620-A8D862E7C205}.Release|x64.ActiveCfg = Release|x64
		{C7922CB0-55C6-41E2-B620-A8D862E7C205}.Release|x64.Build.0 = Release|x64
		{C7922CB0-55C6-41E2-B620-A8D862E7C205}.Release|x86.ActiveCfg = Release|x64
		{C7922CB0-55C6-41E2-B620-A8D862E7C205}.Release|x86.Build.0 = Release|x64
		{21365BBE-0C1C-4D3E-8D0C-47A7B5E37791}.Debug|x64.ActiveCfg = Debug|x64
		{21365BBE-0C1C-4D3E-8D0C-47A7B5E37791}.Debug|x64.Build.0 = Debug|x64
		{21365BBE-0C1C-4D3E-8D0C-47A7B5E37791}.Debug|x86.ActiveCfg = Debug|Win32
		{21365BBE-0C1C-4D3E-8D0C-47A7B5E37791}.Debug|x86.Build.0 = Debug|Win32
		{21365BBE-0C1C-4D3E-8D0C-47A7B5E37791}.Release|x64.ActiveCfg = Release|x64
		{21365BBE-0C1C-4D3E-8D0C-47A7B5E37791}.Release|x64.Build.0 = Release|x64
		{21365BBE-0C1C-4D3E-8D0C-47A7B5E37791}.Release|x86.ActiveCfg = Release|Win32
		{21365BBE-0C1C-4D3E-8D0C-47A7B5E37791}.Release|x86.Build.0 = Release|Win32
		{AC7EE0D7-C50C-4D07-8458-6E7F12A04147}.Debug|x64.ActiveCfg = Debug|x64
		{AC7EE0D7-C50C-4D07-8458-6E7F12A04147}.Debug|x64.Build.0 = Debug|x64
		{AC7EE0D7-C50C-4D07-8458-6E7F12A04147}.Debug|x86.ActiveCfg = Debug|Win32
		{AC7EE0D7-C50C-4D07-8458-6E7F12A04147}.Debug|x86.Build.0 = Debug|Win32
		{AC7EE0D7-C50C-4D07-8458-6E7F12A04147}.Release|x64.ActiveCfg = Release|x64
		{AC7EE0D7-C50C-4D07-8458-6E7F12A04147}.Release|x64.Build.0 = Release|x64
		{AC7EE0D7-C50C-4D07-8458-6E7F12A04147}.Release|x86.ActiveCfg = Release|Win32
		{AC7EE0D7-C50C-4D07-8458-6E7F12A04147}.Release|x86.Build.0 = Release|Win32
		{D497C171-53D6-43C3-B40F-9436F27FEB74}.Debug|x64.ActiveCfg = Debug|x64
		{D497C171-53D6-43C3-B40F-9436F27FEB74}.Debug|x64.Build.0 = Debug|x64
		{D497C171-53D6-43C3-B40F-9436F27FEB74}.Debug|x86.ActiveCfg = Debug|Win32
		{D497C171-53D6-43C3-B40F-9436F27FEB74}.Debug|x86.Build.0 = Debug|Win32
		{D497C171-53D6-43C3-B40F-9436F27FEB74}.Release|x64.ActiveCfg = Release|x64
		{D497C171-53D6-43C3-B40F-9436F27FEB74}.Release|x64.Build.0 = Release|x64
		{D497C171-53D6-43C3-B40F-9436F27FEB74}.Release|x86.ActiveCfg = Release|Win32
		{D497C171-53D6-43C3-B40F-9436F27FEB74}.Release|x86.Build.0 = Release|Win32
		{AF4D6038-E38D-481E-B075-DAFD95DECB89}.Debug|x64.ActiveCfg = Debug|x64
		{AF4D6038-E38D-481E-B075-DAFD95DECB89}.Debug|x64.Build.0 = Debug|x64
		{AF4D6038-E38D-481E-B075-DAFD95DECB89}.Debug|x86.ActiveCfg = Debug|Win32
		{AF4D6038-E38D-481E-B075-DAFD95DECB89}.Debug|x86.Build.0 = Debug|Win32
		{AF4D6038-E38D-481E-B075-DAFD95DECB89}.Release|x64.ActiveCfg = Release|x64
		{AF4D6038-E38D-481E-B075-DAFD95DECB89}.Release|x64.Build.0 = Release|x64
		{AF4D6038-E38D-481E-B075-DAFD95DECB89}.Release|x86.ActiveCfg = Release|Win32
		{AF4D6038-E38D-481E-B075-DAFD95DECB89}.Release|x86.Build.0 = Release|Win32
	EndGlobalSection
	GlobalSection(SolutionProperties) = preSolution
		HideSolutionNode = FALSE
	EndGlobalSection
	GlobalSection(NestedProjects) = preSolution
		{DD95D566-3885-46EA-A312-32D9BE9FA235} = {6014BC49-7E7A-4ED2-99A8-B1671ABDFD34}
		{83C606FB-767A-4A98-BE76-29BFECB6DF0D} = {6014BC49-7E7A-4ED2-99A8-B1671ABDFD34}
		{B5494006-F001-4946-87BD-DA7FA5F2DAB7} = {6014BC49-7E7A-4ED2-99A8-B1671ABDFD34}
		{E05C2D78-4BDF-4C84-A3DD-E4CC81434314} = {6014BC49-7E7A-4ED2-99A8-B1671ABDFD34}
		{EDE2FB91-DB10-4523-A0FA-2854A389AFFE} = {4B81B2EB-A504-4324-961F-F59049B97A5A}
		{A8D40292-78E9-463E-9613-6D53EF619549} = {4B81B2EB-A504-4324-961F-F59049B97A5A}
		{90FF9F9A-2C32-4AF0-92F3-1A53F7886E30} = {4B81B2EB-A504-4324-961F-F59049B97A5A}
		{D29D6648-92D2-4555-8A9E-9F152EEBA610} = {4B81B2EB-A504-4324-961F-F59049B97A5A}
		{EF817BE0-1C5F-47B5-8CDE-90F433EAF40D} = {4B81B2EB-A504-4324-961F-F59049B97A5A}
		{EB77A916-2BFE-4E42-8751-ADDD634B3526} = {6014BC49-7E7A-4ED2-99A8-B1671ABDFD34}
		{F2CF9883-BA30-4CD9-A6F3-0E570A605543} = {69600469-279F-4FBD-BB1F-A3A620A012AA}
		{C7922CB0-55C6-41E2-B620-A8D862E7C205} = {69600469-279F-4FBD-BB1F-A3A620A012AA}
		{21365BBE-0C1C-4D3E-8D0C-47A7B5E37791} = {69600469-279F-4FBD-BB1F-A3A620A012AA}
		{AC7EE0D7-C50C-4D07-8458-6E7F12A04147} = {69600469-279F-4FBD-BB1F-A3A620A012AA}
		{D497C171-53D6-43C3-B40F-9436F27FEB74} = {69600469-279F-4FBD-BB1F-A3A620A012AA}
		{AF4D6038-E38D-481E-B075-DAFD95DECB89} = {6014BC49-7E7A-4ED2-99A8-B1671ABDFD34}
	EndGlobalSection
	GlobalSection(ExtensibilityGlobals) = postSolution
		SolutionGuid = {C6E20160-C632-4237-89BB-CBCE66CFA889}
	EndGlobalSection
EndGlobal
